
Microsoft Visual Studio Solution File, Format Version 12.00
# Visual Studio Version 17
VisualStudioVersion = 17.5.002.0
MinimumVisualStudioVersion = 10.0.40219.1
Project("{9A19103F-16F7-4668-BE54-9A1E7A4F7556}") = "rinha-bachend-2024q1", "srv\rinha-bachend-2024q1.csproj", "{99077613-8713-45B0-9001-D4086E97BE8D}"
EndProject
Global
	GlobalSection(SolutionConfigurationPlatforms) = preSolution
		Debug|Any CPU = Debug|Any CPU
		Release|Any CPU = Release|Any CPU
	EndGlobalSection
	GlobalSection(ProjectConfigurationPlatforms) = postSolution
		{99077613-8713-45B0-9001-D4086E97BE8D}.Debug|Any CPU.ActiveCfg = Debug|Any CPU
		{99077613-8713-45B0-9001-D4086E97BE8D}.Debug|Any CPU.Build.0 = Debug|Any CPU
		{99077613-8713-45B0-9001-D4086E97BE8D}.Release|Any CPU.ActiveCfg = Release|Any CPU
		{99077613-8713-45B0-9001-D4086E97BE8D}.Release|Any CPU.Build.0 = Release|Any CPU
	EndGlobalSection
	GlobalSection(SolutionProperties) = preSolution
		HideSolutionNode = FALSE
	EndGlobalSection
	GlobalSection(ExtensibilityGlobals) = postSolution
		SolutionGuid = {81DD7E2C-F205-4171-9975-E04E2C2D5DB3}
	EndGlobalSection
EndGlobal
